# generated by rye
# use `rye lock` or `rye sync` to update this lockfile
#
# last locked with the following flags:
#   pre: false
#   features: []
#   all-features: false
#   with-sources: false
#   generate-hashes: false
#   universal: false

-e file:.
asn1crypto==1.5.1
    # via snowflake-connector-python
astunparse==1.6.3
    # via dlt
certifi==2024.7.4
    # via requests
    # via snowflake-connector-python
cffi==1.17.0
    # via cryptography
    # via snowflake-connector-python
charset-normalizer==3.3.2
    # via requests
    # via snowflake-connector-python
click==8.1.7
    # via dlt
cryptography==43.0.0
    # via pyopenssl
    # via snowflake-connector-python
dlt==1.1.0
    # via load
duckdb==1.1.1
    # via dlt
filelock==3.15.4
    # via snowflake-connector-python
fsspec==2024.6.1
    # via dlt
gitdb==4.0.11
    # via gitpython
gitpython==3.1.43
    # via dlt
giturlparse==0.12.0
    # via dlt
hexbytes==1.2.1
    # via dlt
humanize==4.10.0
    # via dlt
idna==3.8
    # via requests
    # via snowflake-connector-python
iniconfig==2.0.0
    # via pytest
jsonpath-ng==1.6.1
    # via dlt
makefun==1.15.4
    # via dlt
orjson==3.10.7
    # via dlt
packaging==24.1
    # via dlt
    # via pytest
    # via requirements-parser
    # via snowflake-connector-python
pathvalidate==3.2.1
    # via dlt
pendulum==3.0.0
    # via dlt
platformdirs==4.2.2
    # via snowflake-connector-python
pluggy==1.5.0
    # via pytest
ply==3.11
    # via jsonpath-ng
pycparser==2.22
    # via cffi
pyjwt==2.9.0
    # via snowflake-connector-python
pyopenssl==24.2.1
    # via snowflake-connector-python
pytest==8.3.2
python-dateutil==2.9.0.post0
    # via pendulum
    # via time-machine
pytz==2024.1
    # via dlt
    # via snowflake-connector-python
pyyaml==6.0.2
    # via dlt
requests==2.32.3
    # via dlt
    # via requests-mock
    # via snowflake-connector-python
requests-mock==1.12.1
requirements-parser==0.11.0
    # via dlt
semver==3.0.2
    # via dlt
setuptools==73.0.1
    # via dlt
simplejson==3.19.3
    # via dlt
six==1.16.0
    # via astunparse
    # via python-dateutil
smmap==5.0.1
    # via gitdb
snowflake-connector-python==3.12.1
    # via dlt
sortedcontainers==2.4.0
    # via snowflake-connector-python
tenacity==9.0.0
    # via dlt
time-machine==2.15.0
    # via pendulum
tomlkit==0.13.2
    # via dlt
    # via snowflake-connector-python
types-setuptools==73.0.0.20240822
    # via requirements-parser
typing-extensions==4.12.2
    # via dlt
    # via snowflake-connector-python
tzdata==2024.1
    # via dlt
    # via pendulum
urllib3==2.2.2
    # via requests
wheel==0.44.0
    # via astunparse
